
Microsoft Visual Studio Solution File, Format Version 12.00
# Visual Studio Version 16
VisualStudioVersion = 16.0.31702.278
MinimumVisualStudioVersion = 10.0.40219.1
Project("{9A19103F-16F7-4668-BE54-9A1E7A4F7556}") = "ECommerce.Application", "ECommerce.Application\ECommerce.Application.csproj", "{24E784BC-1D03-40BE-8357-45E908ADFAFA}"
EndProject
Project("{9A19103F-16F7-4668-BE54-9A1E7A4F7556}") = "ECommerce.Api", "ECommerce.Api\ECommerce.Api.csproj", "{444266FF-E10F-4813-8556-3E6A4114AED3}"
EndProject
Project("{9A19103F-16F7-4668-BE54-9A1E7A4F7556}") = "ECommerce.Infrastructure", "ECommerce.Infrastructure\ECommerce.Infrastructure.csproj", "{1FCEA5BE-85EF-4849-A7B3-5D83B6E9E8B8}"
EndProject
Project("{9A19103F-16F7-4668-BE54-9A1E7A4F7556}") = "ECommerce.Domain", "ECommerce.Domain\ECommerce.Domain.csproj", "{FC4DB06C-6545-4A00-BEEE-B9CFC882E161}"
EndProject
Project("{9A19103F-16F7-4668-BE54-9A1E7A4F7556}") = "ECommerce.ApplicationTest", "ECommerce.ApplicationTest\ECommerce.ApplicationTest.csproj", "{8DDC5446-3B42-47AE-9C49-F133E77933D2}"
EndProject
Project("{9A19103F-16F7-4668-BE54-9A1E7A4F7556}") = "ECommerce.ApiTest", "ECommerce.ApiTest\ECommerce.ApiTest.csproj", "{538914EE-7667-46EF-A6EC-4334B8F8F958}"
EndProject
Global
	GlobalSection(SolutionConfigurationPlatforms) = preSolution
		Debug|Any CPU = Debug|Any CPU
		Release|Any CPU = Release|Any CPU
	EndGlobalSection
	GlobalSection(ProjectConfigurationPlatforms) = postSolution
		{24E784BC-1D03-40BE-8357-45E908ADFAFA}.Debug|Any CPU.ActiveCfg = Debug|Any CPU
		{24E784BC-1D03-40BE-8357-45E908ADFAFA}.Debug|Any CPU.Build.0 = Debug|Any CPU
		{24E784BC-1D03-40BE-8357-45E908ADFAFA}.Release|Any CPU.ActiveCfg = Release|Any CPU
		{24E784BC-1D03-40BE-8357-45E908ADFAFA}.Release|Any CPU.Build.0 = Release|Any CPU
		{444266FF-E10F-4813-8556-3E6A4114AED3}.Debug|Any CPU.ActiveCfg = Debug|Any CPU
		{444266FF-E10F-4813-8556-3E6A4114AED3}.Debug|Any CPU.Build.0 = Debug|Any CPU
		{444266FF-E10F-4813-8556-3E6A4114AED3}.Release|Any CPU.ActiveCfg = Release|Any CPU
		{444266FF-E10F-4813-8556-3E6A4114AED3}.Release|Any CPU.Build.0 = Release|Any CPU
		{1FCEA5BE-85EF-4849-A7B3-5D83B6E9E8B8}.Debug|Any CPU.ActiveCfg = Debug|Any CPU
		{1FCEA5BE-85EF-4849-A7B3-5D83B6E9E8B8}.Debug|Any CPU.Build.0 = Debug|Any CPU
		{1FCEA5BE-85EF-4849-A7B3-5D83B6E9E8B8}.Release|Any CPU.ActiveCfg = Release|Any CPU
		{1FCEA5BE-85EF-4849-A7B3-5D83B6E9E8B8}.Release|Any CPU.Build.0 = Release|Any CPU
		{FC4DB06C-6545-4A00-BEEE-B9CFC882E161}.Debug|Any CPU.ActiveCfg = Debug|Any CPU
		{FC4DB06C-6545-4A00-BEEE-B9CFC882E161}.Debug|Any CPU.Build.0 = Debug|Any CPU
		{FC4DB06C-6545-4A00-BEEE-B9CFC882E161}.Release|Any CPU.ActiveCfg = Release|Any CPU
		{FC4DB06C-6545-4A00-BEEE-B9CFC882E161}.Release|Any CPU.Build.0 = Release|Any CPU
		{8DDC5446-3B42-47AE-9C49-F133E77933D2}.Debug|Any CPU.ActiveCfg = Debug|Any CPU
		{8DDC5446-3B42-47AE-9C49-F133E77933D2}.Debug|Any CPU.Build.0 = Debug|Any CPU
		{8DDC5446-3B42-47AE-9C49-F133E77933D2}.Release|Any CPU.ActiveCfg = Release|Any CPU
		{8DDC5446-3B42-47AE-9C49-F133E77933D2}.Release|Any CPU.Build.0 = Release|Any CPU
		{538914EE-7667-46EF-A6EC-4334B8F8F958}.Debug|Any CPU.ActiveCfg = Debug|Any CPU
		{538914EE-7667-46EF-A6EC-4334B8F8F958}.Debug|Any CPU.Build.0 = Debug|Any CPU
		{538914EE-7667-46EF-A6EC-4334B8F8F958}.Release|Any CPU.ActiveCfg = Release|Any CPU
		{538914EE-7667-46EF-A6EC-4334B8F8F958}.Release|Any CPU.Build.0 = Release|Any CPU
	EndGlobalSection
	GlobalSection(SolutionProperties) = preSolution
		HideSolutionNode = FALSE
	EndGlobalSection
	GlobalSection(ExtensibilityGlobals) = postSolution
		SolutionGuid = {22A12562-A1CA-4B95-AD56-EFF24F0A0607}
	EndGlobalSection
EndGlobal
